
Microsoft Visual Studio Solution File, Format Version 12.00
# Visual Studio Version 17
VisualStudioVersion = 17.14.36408.4 d17.14
MinimumVisualStudioVersion = 10.0.40219.1
Project("{FAE04EC0-301F-11D3-BF4B-00C04F79EFBC}") = "KSH.Homework.AdoDotNet1.ConsoleApp", "KSH.Homework.AdoDotNet1.ConsoleApp\KSH.Homework.AdoDotNet1.ConsoleApp.csproj", "{247E9016-41D7-487B-ABFB-7AFF09AECD4F}"
EndProject
Global
	GlobalSection(SolutionConfigurationPlatforms) = preSolution
		Debug|Any CPU = Debug|Any CPU
		Release|Any CPU = Release|Any CPU
	EndGlobalSection
	GlobalSection(ProjectConfigurationPlatforms) = postSolution
		{247E9016-41D7-487B-ABFB-7AFF09AECD4F}.Debug|Any CPU.ActiveCfg = Debug|Any CPU
		{247E9016-41D7-487B-ABFB-7AFF09AECD4F}.Debug|Any CPU.Build.0 = Debug|Any CPU
		{247E9016-41D7-487B-ABFB-7AFF09AECD4F}.Release|Any CPU.ActiveCfg = Release|Any CPU
		{247E9016-41D7-487B-ABFB-7AFF09AECD4F}.Release|Any CPU.Build.0 = Release|Any CPU
	EndGlobalSection
	GlobalSection(SolutionProperties) = preSolution
		HideSolutionNode = FALSE
	EndGlobalSection
	GlobalSection(ExtensibilityGlobals) = postSolution
		SolutionGuid = {BABFE828-229F-44A0-90ED-0065AF0F9E2A}
	EndGlobalSection
EndGlobal
